
Microsoft Visual Studio Solution File, Format Version 12.00
# Visual Studio Version 17
VisualStudioVersion = 17.9.34622.214
MinimumVisualStudioVersion = 10.0.40219.1
Project("{FAE04EC0-301F-11D3-BF4B-00C04F79EFBC}") = "House_Data", "House_Data.csproj", "{EE358FDB-F5C1-4BF2-963E-36416C4198E3}"
EndProject
Global
	GlobalSection(SolutionConfigurationPlatforms) = preSolution
		Debug|Any CPU = Debug|Any CPU
		Release|Any CPU = Release|Any CPU
	EndGlobalSection
	GlobalSection(ProjectConfigurationPlatforms) = postSolution
		{EE358FDB-F5C1-4BF2-963E-36416C4198E3}.Debug|Any CPU.ActiveCfg = Debug|Any CPU
		{EE358FDB-F5C1-4BF2-963E-36416C4198E3}.Debug|Any CPU.Build.0 = Debug|Any CPU
		{EE358FDB-F5C1-4BF2-963E-36416C4198E3}.Release|Any CPU.ActiveCfg = Release|Any CPU
		{EE358FDB-F5C1-4BF2-963E-36416C4198E3}.Release|Any CPU.Build.0 = Release|Any CPU
	EndGlobalSection
	GlobalSection(SolutionProperties) = preSolution
		HideSolutionNode = FALSE
	EndGlobalSection
	GlobalSection(ExtensibilityGlobals) = postSolution
		SolutionGuid = {C4C6046D-3548-44DB-ABDD-E41B15270809}
	EndGlobalSection
EndGlobal
